
Microsoft Visual Studio Solution File, Format Version 12.00
# Visual Studio Version 17
VisualStudioVersion = 17.3.32825.248
MinimumVisualStudioVersion = 10.0.40219.1
Project("{FAE04EC0-301F-11D3-BF4B-00C04F79EFBC}") = "GameEngine", "GameEngine.csproj", "{DE24B9E8-DF1E-4172-947E-6F800C864F4C}"
EndProject
Global
	GlobalSection(SolutionConfigurationPlatforms) = preSolution
		Debug|Any CPU = Debug|Any CPU
		Release|Any CPU = Release|Any CPU
	EndGlobalSection
	GlobalSection(ProjectConfigurationPlatforms) = postSolution
		{DE24B9E8-DF1E-4172-947E-6F800C864F4C}.Debug|Any CPU.ActiveCfg = Debug|Any CPU
		{DE24B9E8-DF1E-4172-947E-6F800C864F4C}.Debug|Any CPU.Build.0 = Debug|Any CPU
		{DE24B9E8-DF1E-4172-947E-6F800C864F4C}.Release|Any CPU.ActiveCfg = Release|Any CPU
		{DE24B9E8-DF1E-4172-947E-6F800C864F4C}.Release|Any CPU.Build.0 = Release|Any CPU
	EndGlobalSection
	GlobalSection(SolutionProperties) = preSolution
		HideSolutionNode = FALSE
	EndGlobalSection
	GlobalSection(ExtensibilityGlobals) = postSolution
		SolutionGuid = {86D0F032-24D6-4CB0-81DE-8983ABB838BD}
	EndGlobalSection
EndGlobal
